// !$*UTF8*$!
{
	archiveVersion = 1;
	classes = {
	};
	objectVersion = 46;
	objects = {

/* Begin PBXBuildFile section */
		442B867D1CEB191E00ED2A3A /* lua_adapter.cpp in Sources */ = {isa = PBXBuildFile; fileRef = 442B867C1CEB191E00ED2A3A /* lua_adapter.cpp */; };
		443026AC1C78AAAE00CE04C2 /* lapi.c in Sources */ = {isa = PBXBuildFile; fileRef = 443026711C78AAAE00CE04C2 /* lapi.c */; };
		443026AD1C78AAAE00CE04C2 /* lauxlib.c in Sources */ = {isa = PBXBuildFile; fileRef = 443026731C78AAAE00CE04C2 /* lauxlib.c */; };
		443026AE1C78AAAE00CE04C2 /* lbaselib.c in Sources */ = {isa = PBXBuildFile; fileRef = 443026751C78AAAE00CE04C2 /* lbaselib.c */; };
		443026AF1C78AAAE00CE04C2 /* lbitlib.c in Sources */ = {isa = PBXBuildFile; fileRef = 443026761C78AAAE00CE04C2 /* lbitlib.c */; };
		443026B01C78AAAE00CE04C2 /* lcode.c in Sources */ = {isa = PBXBuildFile; fileRef = 443026771C78AAAE00CE04C2 /* lcode.c */; };
		443026B11C78AAAE00CE04C2 /* lcorolib.c in Sources */ = {isa = PBXBuildFile; fileRef = 443026791C78AAAE00CE04C2 /* lcorolib.c */; };
		443026B21C78AAAE00CE04C2 /* lctype.c in Sources */ = {isa = PBXBuildFile; fileRef = 4430267A1C78AAAE00CE04C2 /* lctype.c */; };
		443026B31C78AAAE00CE04C2 /* ldblib.c in Sources */ = {isa = PBXBuildFile; fileRef = 4430267C1C78AAAE00CE04C2 /* ldblib.c */; };
		443026B41C78AAAE00CE04C2 /* ldebug.c in Sources */ = {isa = PBXBuildFile; fileRef = 4430267D1C78AAAE00CE04C2 /* ldebug.c */; };
		443026B51C78AAAE00CE04C2 /* ldo.c in Sources */ = {isa = PBXBuildFile; fileRef = 4430267F1C78AAAE00CE04C2 /* ldo.c */; };
		443026B61C78AAAE00CE04C2 /* ldump.c in Sources */ = {isa = PBXBuildFile; fileRef = 443026811C78AAAE00CE04C2 /* ldump.c */; };
		443026B71C78AAAE00CE04C2 /* lfunc.c in Sources */ = {isa = PBXBuildFile; fileRef = 443026821C78AAAE00CE04C2 /* lfunc.c */; };
		443026B81C78AAAE00CE04C2 /* lgc.c in Sources */ = {isa = PBXBuildFile; fileRef = 443026841C78AAAE00CE04C2 /* lgc.c */; };
		443026B91C78AAAE00CE04C2 /* linit.c in Sources */ = {isa = PBXBuildFile; fileRef = 443026861C78AAAE00CE04C2 /* linit.c */; };
		443026BA1C78AAAE00CE04C2 /* liolib.c in Sources */ = {isa = PBXBuildFile; fileRef = 443026871C78AAAE00CE04C2 /* liolib.c */; };
		443026BB1C78AAAE00CE04C2 /* llex.c in Sources */ = {isa = PBXBuildFile; fileRef = 443026881C78AAAE00CE04C2 /* llex.c */; };
		443026BC1C78AAAE00CE04C2 /* lmathlib.c in Sources */ = {isa = PBXBuildFile; fileRef = 4430268B1C78AAAE00CE04C2 /* lmathlib.c */; };
		443026BD1C78AAAE00CE04C2 /* lmem.c in Sources */ = {isa = PBXBuildFile; fileRef = 4430268C1C78AAAE00CE04C2 /* lmem.c */; };
		443026BE1C78AAAE00CE04C2 /* loadlib.c in Sources */ = {isa = PBXBuildFile; fileRef = 4430268E1C78AAAE00CE04C2 /* loadlib.c */; };
		443026BF1C78AAAE00CE04C2 /* lobject.c in Sources */ = {isa = PBXBuildFile; fileRef = 4430268F1C78AAAE00CE04C2 /* lobject.c */; };
		443026C01C78AAAE00CE04C2 /* lopcodes.c in Sources */ = {isa = PBXBuildFile; fileRef = 443026911C78AAAE00CE04C2 /* lopcodes.c */; };
		443026C11C78AAAE00CE04C2 /* loslib.c in Sources */ = {isa = PBXBuildFile; fileRef = 443026931C78AAAE00CE04C2 /* loslib.c */; };
		443026C21C78AAAE00CE04C2 /* lparser.c in Sources */ = {isa = PBXBuildFile; fileRef = 443026941C78AAAE00CE04C2 /* lparser.c */; };
		443026C31C78AAAE00CE04C2 /* lstate.c in Sources */ = {isa = PBXBuildFile; fileRef = 443026971C78AAAE00CE04C2 /* lstate.c */; };
		443026C41C78AAAE00CE04C2 /* lstring.c in Sources */ = {isa = PBXBuildFile; fileRef = 443026991C78AAAE00CE04C2 /* lstring.c */; };
		443026C51C78AAAE00CE04C2 /* lstrlib.c in Sources */ = {isa = PBXBuildFile; fileRef = 4430269B1C78AAAE00CE04C2 /* lstrlib.c */; };
		443026C61C78AAAE00CE04C2 /* ltable.c in Sources */ = {isa = PBXBuildFile; fileRef = 4430269C1C78AAAE00CE04C2 /* ltable.c */; };
		443026C71C78AAAE00CE04C2 /* ltablib.c in Sources */ = {isa = PBXBuildFile; fileRef = 4430269E1C78AAAE00CE04C2 /* ltablib.c */; };
		443026C81C78AAAE00CE04C2 /* ltm.c in Sources */ = {isa = PBXBuildFile; fileRef = 4430269F1C78AAAE00CE04C2 /* ltm.c */; };
		443026C91C78AAAE00CE04C2 /* lundump.c in Sources */ = {isa = PBXBuildFile; fileRef = 443026A51C78AAAE00CE04C2 /* lundump.c */; };
		443026CA1C78AAAE00CE04C2 /* lutf8lib.c in Sources */ = {isa = PBXBuildFile; fileRef = 443026A71C78AAAE00CE04C2 /* lutf8lib.c */; };
		443026CB1C78AAAE00CE04C2 /* lvm.c in Sources */ = {isa = PBXBuildFile; fileRef = 443026A81C78AAAE00CE04C2 /* lvm.c */; };
		443026CC1C78AAAE00CE04C2 /* lzio.c in Sources */ = {isa = PBXBuildFile; fileRef = 443026AA1C78AAAE00CE04C2 /* lzio.c */; };
		443E20CC1C78AED00011B64F /* main.c in Sources */ = {isa = PBXBuildFile; fileRef = 443E20CB1C78AED00011B64F /* main.c */; };
		443E20D01C78B0430011B64F /* test in CopyFiles */ = {isa = PBXBuildFile; fileRef = 443E20CF1C78AF540011B64F /* test */; };
/* End PBXBuildFile section */

/* Begin PBXCopyFilesBuildPhase section */
		44C8E1171C75EA9C00AD6203 /* CopyFiles */ = {
			isa = PBXCopyFilesBuildPhase;
			buildActionMask = 12;
			dstPath = "";
			dstSubfolderSpec = 16;
			files = (
				443E20D01C78B0430011B64F /* test in CopyFiles */,
			);
			runOnlyForDeploymentPostprocessing = 0;
		};
/* End PBXCopyFilesBuildPhase section */

/* Begin PBXFileReference section */
		442B867B1CEB191E00ED2A3A /* lua_adapter.h */ = {isa = PBXFileReference; fileEncoding = 4; lastKnownFileType = sourcecode.c.h; name = lua_adapter.h; path = src/lua_adapter.h; sourceTree = SOURCE_ROOT; };
		442B867C1CEB191E00ED2A3A /* lua_adapter.cpp */ = {isa = PBXFileReference; fileEncoding = 4; lastKnownFileType = sourcecode.cpp.cpp; name = lua_adapter.cpp; path = src/lua_adapter.cpp; sourceTree = SOURCE_ROOT; };
		443026711C78AAAE00CE04C2 /* lapi.c */ = {isa = PBXFileReference; fileEncoding = 4; lastKnownFileType = sourcecode.c.c; name = lapi.c; path = lua/src/lapi.c; sourceTree = "<group>"; };
		443026721C78AAAE00CE04C2 /* lapi.h */ = {isa = PBXFileReference; fileEncoding = 4; lastKnownFileType = sourcecode.c.h; name = lapi.h; path = lua/src/lapi.h; sourceTree = "<group>"; };
		443026731C78AAAE00CE04C2 /* lauxlib.c */ = {isa = PBXFileReference; fileEncoding = 4; lastKnownFileType = sourcecode.c.c; name = lauxlib.c; path = lua/src/lauxlib.c; sourceTree = "<group>"; };
		443026741C78AAAE00CE04C2 /* lauxlib.h */ = {isa = PBXFileReference; fileEncoding = 4; lastKnownFileType = sourcecode.c.h; name = lauxlib.h; path = lua/src/lauxlib.h; sourceTree = "<group>"; };
		443026751C78AAAE00CE04C2 /* lbaselib.c */ = {isa = PBXFileReference; fileEncoding = 4; lastKnownFileType = sourcecode.c.c; name = lbaselib.c; path = lua/src/lbaselib.c; sourceTree = "<group>"; };
		443026761C78AAAE00CE04C2 /* lbitlib.c */ = {isa = PBXFileReference; fileEncoding = 4; lastKnownFileType = sourcecode.c.c; name = lbitlib.c; path = lua/src/lbitlib.c; sourceTree = "<group>"; };
		443026771C78AAAE00CE04C2 /* lcode.c */ = {isa = PBXFileReference; fileEncoding = 4; lastKnownFileType = sourcecode.c.c; name = lcode.c; path = lua/src/lcode.c; sourceTree = "<group>"; };
		443026781C78AAAE00CE04C2 /* lcode.h */ = {isa = PBXFileReference; fileEncoding = 4; lastKnownFileType = sourcecode.c.h; name = lcode.h; path = lua/src/lcode.h; sourceTree = "<group>"; };
		443026791C78AAAE00CE04C2 /* lcorolib.c */ = {isa = PBXFileReference; fileEncoding = 4; lastKnownFileType = sourcecode.c.c; name = lcorolib.c; path = lua/src/lcorolib.c; sourceTree = "<group>"; };
		4430267A1C78AAAE00CE04C2 /* lctype.c */ = {isa = PBXFileReference; fileEncoding = 4; lastKnownFileType = sourcecode.c.c; name = lctype.c; path = lua/src/lctype.c; sourceTree = "<group>"; };
		4430267B1C78AAAE00CE04C2 /* lctype.h */ = {isa = PBXFileReference; fileEncoding = 4; lastKnownFileType = sourcecode.c.h; name = lctype.h; path = lua/src/lctype.h; sourceTree = "<group>"; };
		4430267C1C78AAAE00CE04C2 /* ldblib.c */ = {isa = PBXFileReference; fileEncoding = 4; lastKnownFileType = sourcecode.c.c; name = ldblib.c; path = lua/src/ldblib.c; sourceTree = "<group>"; };
		4430267D1C78AAAE00CE04C2 /* ldebug.c */ = {isa = PBXFileReference; fileEncoding = 4; lastKnownFileType = sourcecode.c.c; name = ldebug.c; path = lua/src/ldebug.c; sourceTree = "<group>"; };
		4430267E1C78AAAE00CE04C2 /* ldebug.h */ = {isa = PBXFileReference; fileEncoding = 4; lastKnownFileType = sourcecode.c.h; name = ldebug.h; path = lua/src/ldebug.h; sourceTree = "<group>"; };
		4430267F1C78AAAE00CE04C2 /* ldo.c */ = {isa = PBXFileReference; fileEncoding = 4; lastKnownFileType = sourcecode.c.c; name = ldo.c; path = lua/src/ldo.c; sourceTree = "<group>"; };
		443026801C78AAAE00CE04C2 /* ldo.h */ = {isa = PBXFileReference; fileEncoding = 4; lastKnownFileType = sourcecode.c.h; name = ldo.h; path = lua/src/ldo.h; sourceTree = "<group>"; };
		443026811C78AAAE00CE04C2 /* ldump.c */ = {isa = PBXFileReference; fileEncoding = 4; lastKnownFileType = sourcecode.c.c; name = ldump.c; path = lua/src/ldump.c; sourceTree = "<group>"; };
		443026821C78AAAE00CE04C2 /* lfunc.c */ = {isa = PBXFileReference; fileEncoding = 4; lastKnownFileType = sourcecode.c.c; name = lfunc.c; path = lua/src/lfunc.c; sourceTree = "<group>"; };
		443026831C78AAAE00CE04C2 /* lfunc.h */ = {isa = PBXFileReference; fileEncoding = 4; lastKnownFileType = sourcecode.c.h; name = lfunc.h; path = lua/src/lfunc.h; sourceTree = "<group>"; };
		443026841C78AAAE00CE04C2 /* lgc.c */ = {isa = PBXFileReference; fileEncoding = 4; lastKnownFileType = sourcecode.c.c; name = lgc.c; path = lua/src/lgc.c; sourceTree = "<group>"; };
		443026851C78AAAE00CE04C2 /* lgc.h */ = {isa = PBXFileReference; fileEncoding = 4; lastKnownFileType = sourcecode.c.h; name = lgc.h; path = lua/src/lgc.h; sourceTree = "<group>"; };
		443026861C78AAAE00CE04C2 /* linit.c */ = {isa = PBXFileReference; fileEncoding = 4; lastKnownFileType = sourcecode.c.c; name = linit.c; path = lua/src/linit.c; sourceTree = "<group>"; };
		443026871C78AAAE00CE04C2 /* liolib.c */ = {isa = PBXFileReference; fileEncoding = 4; lastKnownFileType = sourcecode.c.c; name = liolib.c; path = lua/src/liolib.c; sourceTree = "<group>"; };
		443026881C78AAAE00CE04C2 /* llex.c */ = {isa = PBXFileReference; fileEncoding = 4; lastKnownFileType = sourcecode.c.c; name = llex.c; path = lua/src/llex.c; sourceTree = "<group>"; };
		443026891C78AAAE00CE04C2 /* llex.h */ = {isa = PBXFileReference; fileEncoding = 4; lastKnownFileType = sourcecode.c.h; name = llex.h; path = lua/src/llex.h; sourceTree = "<group>"; };
		4430268A1C78AAAE00CE04C2 /* llimits.h */ = {isa = PBXFileReference; fileEncoding = 4; lastKnownFileType = sourcecode.c.h; name = llimits.h; path = lua/src/llimits.h; sourceTree = "<group>"; };
		4430268B1C78AAAE00CE04C2 /* lmathlib.c */ = {isa = PBXFileReference; fileEncoding = 4; lastKnownFileType = sourcecode.c.c; name = lmathlib.c; path = lua/src/lmathlib.c; sourceTree = "<group>"; };
		4430268C1C78AAAE00CE04C2 /* lmem.c */ = {isa = PBXFileReference; fileEncoding = 4; lastKnownFileType = sourcecode.c.c; name = lmem.c; path = lua/src/lmem.c; sourceTree = "<group>"; };
		4430268D1C78AAAE00CE04C2 /* lmem.h */ = {isa = PBXFileReference; fileEncoding = 4; lastKnownFileType = sourcecode.c.h; name = lmem.h; path = lua/src/lmem.h; sourceTree = "<group>"; };
		4430268E1C78AAAE00CE04C2 /* loadlib.c */ = {isa = PBXFileReference; fileEncoding = 4; lastKnownFileType = sourcecode.c.c; name = loadlib.c; path = lua/src/loadlib.c; sourceTree = "<group>"; };
		4430268F1C78AAAE00CE04C2 /* lobject.c */ = {isa = PBXFileReference; fileEncoding = 4; lastKnownFileType = sourcecode.c.c; name = lobject.c; path = lua/src/lobject.c; sourceTree = "<group>"; };
		443026901C78AAAE00CE04C2 /* lobject.h */ = {isa = PBXFileReference; fileEncoding = 4; lastKnownFileType = sourcecode.c.h; name = lobject.h; path = lua/src/lobject.h; sourceTree = "<group>"; };
		443026911C78AAAE00CE04C2 /* lopcodes.c */ = {isa = PBXFileReference; fileEncoding = 4; lastKnownFileType = sourcecode.c.c; name = lopcodes.c; path = lua/src/lopcodes.c; sourceTree = "<group>"; };
		443026921C78AAAE00CE04C2 /* lopcodes.h */ = {isa = PBXFileReference; fileEncoding = 4; lastKnownFileType = sourcecode.c.h; name = lopcodes.h; path = lua/src/lopcodes.h; sourceTree = "<group>"; };
		443026931C78AAAE00CE04C2 /* loslib.c */ = {isa = PBXFileReference; fileEncoding = 4; lastKnownFileType = sourcecode.c.c; name = loslib.c; path = lua/src/loslib.c; sourceTree = "<group>"; };
		443026941C78AAAE00CE04C2 /* lparser.c */ = {isa = PBXFileReference; fileEncoding = 4; lastKnownFileType = sourcecode.c.c; name = lparser.c; path = lua/src/lparser.c; sourceTree = "<group>"; };
		443026951C78AAAE00CE04C2 /* lparser.h */ = {isa = PBXFileReference; fileEncoding = 4; lastKnownFileType = sourcecode.c.h; name = lparser.h; path = lua/src/lparser.h; sourceTree = "<group>"; };
		443026961C78AAAE00CE04C2 /* lprefix.h */ = {isa = PBXFileReference; fileEncoding = 4; lastKnownFileType = sourcecode.c.h; name = lprefix.h; path = lua/src/lprefix.h; sourceTree = "<group>"; };
		443026971C78AAAE00CE04C2 /* lstate.c */ = {isa = PBXFileReference; fileEncoding = 4; lastKnownFileType = sourcecode.c.c; name = lstate.c; path = lua/src/lstate.c; sourceTree = "<group>"; };
		443026981C78AAAE00CE04C2 /* lstate.h */ = {isa = PBXFileReference; fileEncoding = 4; lastKnownFileType = sourcecode.c.h; name = lstate.h; path = lua/src/lstate.h; sourceTree = "<group>"; };
		443026991C78AAAE00CE04C2 /* lstring.c */ = {isa = PBXFileReference; fileEncoding = 4; lastKnownFileType = sourcecode.c.c; name = lstring.c; path = lua/src/lstring.c; sourceTree = "<group>"; };
		4430269A1C78AAAE00CE04C2 /* lstring.h */ = {isa = PBXFileReference; fileEncoding = 4; lastKnownFileType = sourcecode.c.h; name = lstring.h; path = lua/src/lstring.h; sourceTree = "<group>"; };
		4430269B1C78AAAE00CE04C2 /* lstrlib.c */ = {isa = PBXFileReference; fileEncoding = 4; lastKnownFileType = sourcecode.c.c; name = lstrlib.c; path = lua/src/lstrlib.c; sourceTree = "<group>"; };
		4430269C1C78AAAE00CE04C2 /* ltable.c */ = {isa = PBXFileReference; fileEncoding = 4; lastKnownFileType = sourcecode.c.c; name = ltable.c; path = lua/src/ltable.c; sourceTree = "<group>"; };
		4430269D1C78AAAE00CE04C2 /* ltable.h */ = {isa = PBXFileReference; fileEncoding = 4; lastKnownFileType = sourcecode.c.h; name = ltable.h; path = lua/src/ltable.h; sourceTree = "<group>"; };
		4430269E1C78AAAE00CE04C2 /* ltablib.c */ = {isa = PBXFileReference; fileEncoding = 4; lastKnownFileType = sourcecode.c.c; name = ltablib.c; path = lua/src/ltablib.c; sourceTree = "<group>"; };
		4430269F1C78AAAE00CE04C2 /* ltm.c */ = {isa = PBXFileReference; fileEncoding = 4; lastKnownFileType = sourcecode.c.c; name = ltm.c; path = lua/src/ltm.c; sourceTree = "<group>"; };
		443026A01C78AAAE00CE04C2 /* ltm.h */ = {isa = PBXFileReference; fileEncoding = 4; lastKnownFileType = sourcecode.c.h; name = ltm.h; path = lua/src/ltm.h; sourceTree = "<group>"; };
		443026A11C78AAAE00CE04C2 /* lua.h */ = {isa = PBXFileReference; fileEncoding = 4; lastKnownFileType = sourcecode.c.h; name = lua.h; path = lua/src/lua.h; sourceTree = "<group>"; };
		443026A21C78AAAE00CE04C2 /* lua.hpp */ = {isa = PBXFileReference; fileEncoding = 4; lastKnownFileType = sourcecode.cpp.h; name = lua.hpp; path = lua/src/lua.hpp; sourceTree = "<group>"; };
		443026A31C78AAAE00CE04C2 /* luaconf.h */ = {isa = PBXFileReference; fileEncoding = 4; lastKnownFileType = sourcecode.c.h; name = luaconf.h; path = lua/src/luaconf.h; sourceTree = "<group>"; };
		443026A41C78AAAE00CE04C2 /* lualib.h */ = {isa = PBXFileReference; fileEncoding = 4; lastKnownFileType = sourcecode.c.h; name = lualib.h; path = lua/src/lualib.h; sourceTree = "<group>"; };
		443026A51C78AAAE00CE04C2 /* lundump.c */ = {isa = PBXFileReference; fileEncoding = 4; lastKnownFileType = sourcecode.c.c; name = lundump.c; path = lua/src/lundump.c; sourceTree = "<group>"; };
		443026A61C78AAAE00CE04C2 /* lundump.h */ = {isa = PBXFileReference; fileEncoding = 4; lastKnownFileType = sourcecode.c.h; name = lundump.h; path = lua/src/lundump.h; sourceTree = "<group>"; };
		443026A71C78AAAE00CE04C2 /* lutf8lib.c */ = {isa = PBXFileReference; fileEncoding = 4; lastKnownFileType = sourcecode.c.c; name = lutf8lib.c; path = lua/src/lutf8lib.c; sourceTree = "<group>"; };
		443026A81C78AAAE00CE04C2 /* lvm.c */ = {isa = PBXFileReference; fileEncoding = 4; lastKnownFileType = sourcecode.c.c; name = lvm.c; path = lua/src/lvm.c; sourceTree = "<group>"; };
		443026A91C78AAAE00CE04C2 /* lvm.h */ = {isa = PBXFileReference; fileEncoding = 4; lastKnownFileType = sourcecode.c.h; name = lvm.h; path = lua/src/lvm.h; sourceTree = "<group>"; };
		443026AA1C78AAAE00CE04C2 /* lzio.c */ = {isa = PBXFileReference; fileEncoding = 4; lastKnownFileType = sourcecode.c.c; name = lzio.c; path = lua/src/lzio.c; sourceTree = "<group>"; };
		443026AB1C78AAAE00CE04C2 /* lzio.h */ = {isa = PBXFileReference; fileEncoding = 4; lastKnownFileType = sourcecode.c.h; name = lzio.h; path = lua/src/lzio.h; sourceTree = "<group>"; };
		443E20CB1C78AED00011B64F /* main.c */ = {isa = PBXFileReference; fileEncoding = 4; lastKnownFileType = sourcecode.c.c; path = main.c; sourceTree = "<group>"; };
		443E20CF1C78AF540011B64F /* test */ = {isa = PBXFileReference; lastKnownFileType = folder; path = test; sourceTree = "<group>"; };
		44C8E1191C75EA9C00AD6203 /* luna */ = {isa = PBXFileReference; explicitFileType = "compiled.mach-o.executable"; includeInIndex = 0; path = luna; sourceTree = BUILT_PRODUCTS_DIR; };
/* End PBXFileReference section */

/* Begin PBXFrameworksBuildPhase section */
		44C8E1161C75EA9C00AD6203 /* Frameworks */ = {
			isa = PBXFrameworksBuildPhase;
			buildActionMask = 2147483647;
			files = (
			);
			runOnlyForDeploymentPostprocessing = 0;
		};
/* End PBXFrameworksBuildPhase section */

/* Begin PBXGroup section */
		44C8E1101C75EA9C00AD6203 = {
			isa = PBXGroup;
			children = (
				443E20CF1C78AF540011B64F /* test */,
				443E20CB1C78AED00011B64F /* main.c */,
				44C8E1231C75EAB300AD6203 /* lua */,
				44C8E11B1C75EA9C00AD6203 /* luna */,
				44C8E11A1C75EA9C00AD6203 /* Products */,
			);
			sourceTree = "<group>";
		};
		44C8E11A1C75EA9C00AD6203 /* Products */ = {
			isa = PBXGroup;
			children = (
				44C8E1191C75EA9C00AD6203 /* luna */,
			);
			name = Products;
			sourceTree = "<group>";
		};
		44C8E11B1C75EA9C00AD6203 /* luna */ = {
			isa = PBXGroup;
			children = (
				442B867B1CEB191E00ED2A3A /* lua_adapter.h */,
				442B867C1CEB191E00ED2A3A /* lua_adapter.cpp */,
			);
			path = luna;
			sourceTree = "<group>";
		};
		44C8E1231C75EAB300AD6203 /* lua */ = {
			isa = PBXGroup;
			children = (
				443026711C78AAAE00CE04C2 /* lapi.c */,
				443026721C78AAAE00CE04C2 /* lapi.h */,
				443026731C78AAAE00CE04C2 /* lauxlib.c */,
				443026741C78AAAE00CE04C2 /* lauxlib.h */,
				443026751C78AAAE00CE04C2 /* lbaselib.c */,
				443026761C78AAAE00CE04C2 /* lbitlib.c */,
				443026771C78AAAE00CE04C2 /* lcode.c */,
				443026781C78AAAE00CE04C2 /* lcode.h */,
				443026791C78AAAE00CE04C2 /* lcorolib.c */,
				4430267A1C78AAAE00CE04C2 /* lctype.c */,
				4430267B1C78AAAE00CE04C2 /* lctype.h */,
				4430267C1C78AAAE00CE04C2 /* ldblib.c */,
				4430267D1C78AAAE00CE04C2 /* ldebug.c */,
				4430267E1C78AAAE00CE04C2 /* ldebug.h */,
				4430267F1C78AAAE00CE04C2 /* ldo.c */,
				443026801C78AAAE00CE04C2 /* ldo.h */,
				443026811C78AAAE00CE04C2 /* ldump.c */,
				443026821C78AAAE00CE04C2 /* lfunc.c */,
				443026831C78AAAE00CE04C2 /* lfunc.h */,
				443026841C78AAAE00CE04C2 /* lgc.c */,
				443026851C78AAAE00CE04C2 /* lgc.h */,
				443026861C78AAAE00CE04C2 /* linit.c */,
				443026871C78AAAE00CE04C2 /* liolib.c */,
				443026881C78AAAE00CE04C2 /* llex.c */,
				443026891C78AAAE00CE04C2 /* llex.h */,
				4430268A1C78AAAE00CE04C2 /* llimits.h */,
				4430268B1C78AAAE00CE04C2 /* lmathlib.c */,
				4430268C1C78AAAE00CE04C2 /* lmem.c */,
				4430268D1C78AAAE00CE04C2 /* lmem.h */,
				4430268E1C78AAAE00CE04C2 /* loadlib.c */,
				4430268F1C78AAAE00CE04C2 /* lobject.c */,
				443026901C78AAAE00CE04C2 /* lobject.h */,
				443026911C78AAAE00CE04C2 /* lopcodes.c */,
				443026921C78AAAE00CE04C2 /* lopcodes.h */,
				443026931C78AAAE00CE04C2 /* loslib.c */,
				443026941C78AAAE00CE04C2 /* lparser.c */,
				443026951C78AAAE00CE04C2 /* lparser.h */,
				443026961C78AAAE00CE04C2 /* lprefix.h */,
				443026971C78AAAE00CE04C2 /* lstate.c */,
				443026981C78AAAE00CE04C2 /* lstate.h */,
				443026991C78AAAE00CE04C2 /* lstring.c */,
				4430269A1C78AAAE00CE04C2 /* lstring.h */,
				4430269B1C78AAAE00CE04C2 /* lstrlib.c */,
				4430269C1C78AAAE00CE04C2 /* ltable.c */,
				4430269D1C78AAAE00CE04C2 /* ltable.h */,
				4430269E1C78AAAE00CE04C2 /* ltablib.c */,
				4430269F1C78AAAE00CE04C2 /* ltm.c */,
				443026A01C78AAAE00CE04C2 /* ltm.h */,
				443026A11C78AAAE00CE04C2 /* lua.h */,
				443026A21C78AAAE00CE04C2 /* lua.hpp */,
				443026A31C78AAAE00CE04C2 /* luaconf.h */,
				443026A41C78AAAE00CE04C2 /* lualib.h */,
				443026A51C78AAAE00CE04C2 /* lundump.c */,
				443026A61C78AAAE00CE04C2 /* lundump.h */,
				443026A71C78AAAE00CE04C2 /* lutf8lib.c */,
				443026A81C78AAAE00CE04C2 /* lvm.c */,
				443026A91C78AAAE00CE04C2 /* lvm.h */,
				443026AA1C78AAAE00CE04C2 /* lzio.c */,
				443026AB1C78AAAE00CE04C2 /* lzio.h */,
			);
			name = lua;
			sourceTree = "<group>";
		};
/* End PBXGroup section */

/* Begin PBXNativeTarget section */
		44C8E1181C75EA9C00AD6203 /* luna */ = {
			isa = PBXNativeTarget;
			buildConfigurationList = 44C8E1201C75EA9C00AD6203 /* Build configuration list for PBXNativeTarget "luna" */;
			buildPhases = (
				44C8E1151C75EA9C00AD6203 /* Sources */,
				44C8E1161C75EA9C00AD6203 /* Frameworks */,
				44C8E1171C75EA9C00AD6203 /* CopyFiles */,
			);
			buildRules = (
			);
			dependencies = (
			);
			name = luna;
			productName = luna;
			productReference = 44C8E1191C75EA9C00AD6203 /* luna */;
			productType = "com.apple.product-type.tool";
		};
/* End PBXNativeTarget section */

/* Begin PBXProject section */
		44C8E1111C75EA9C00AD6203 /* Project object */ = {
			isa = PBXProject;
			attributes = {
				LastUpgradeCheck = 0720;
				ORGANIZATIONNAME = dpull;
				TargetAttributes = {
					44C8E1181C75EA9C00AD6203 = {
						CreatedOnToolsVersion = 7.2.1;
					};
				};
			};
			buildConfigurationList = 44C8E1141C75EA9C00AD6203 /* Build configuration list for PBXProject "luna" */;
			compatibilityVersion = "Xcode 3.2";
			developmentRegion = English;
			hasScannedForEncodings = 0;
			knownRegions = (
				en,
			);
			mainGroup = 44C8E1101C75EA9C00AD6203;
			productRefGroup = 44C8E11A1C75EA9C00AD6203 /* Products */;
			projectDirPath = "";
			projectRoot = "";
			targets = (
				44C8E1181C75EA9C00AD6203 /* luna */,
			);
		};
/* End PBXProject section */

/* Begin PBXSourcesBuildPhase section */
		44C8E1151C75EA9C00AD6203 /* Sources */ = {
			isa = PBXSourcesBuildPhase;
			buildActionMask = 2147483647;
			files = (
				443026C61C78AAAE00CE04C2 /* ltable.c in Sources */,
				443026B71C78AAAE00CE04C2 /* lfunc.c in Sources */,
				443026B21C78AAAE00CE04C2 /* lctype.c in Sources */,
				443026AF1C78AAAE00CE04C2 /* lbitlib.c in Sources */,
				443026B81C78AAAE00CE04C2 /* lgc.c in Sources */,
				443026CB1C78AAAE00CE04C2 /* lvm.c in Sources */,
				443026BC1C78AAAE00CE04C2 /* lmathlib.c in Sources */,
				443026C21C78AAAE00CE04C2 /* lparser.c in Sources */,
				443026B31C78AAAE00CE04C2 /* ldblib.c in Sources */,
				443026C81C78AAAE00CE04C2 /* ltm.c in Sources */,
				443026BE1C78AAAE00CE04C2 /* loadlib.c in Sources */,
				443026AC1C78AAAE00CE04C2 /* lapi.c in Sources */,
				443026AD1C78AAAE00CE04C2 /* lauxlib.c in Sources */,
				443026B11C78AAAE00CE04C2 /* lcorolib.c in Sources */,
				443026C91C78AAAE00CE04C2 /* lundump.c in Sources */,
				443026C11C78AAAE00CE04C2 /* loslib.c in Sources */,
				443026AE1C78AAAE00CE04C2 /* lbaselib.c in Sources */,
				443026CC1C78AAAE00CE04C2 /* lzio.c in Sources */,
				443026BD1C78AAAE00CE04C2 /* lmem.c in Sources */,
				443026C31C78AAAE00CE04C2 /* lstate.c in Sources */,
				443026BA1C78AAAE00CE04C2 /* liolib.c in Sources */,
				443E20CC1C78AED00011B64F /* main.c in Sources */,
				443026C51C78AAAE00CE04C2 /* lstrlib.c in Sources */,
				443026BF1C78AAAE00CE04C2 /* lobject.c in Sources */,
				443026B41C78AAAE00CE04C2 /* ldebug.c in Sources */,
				443026C71C78AAAE00CE04C2 /* ltablib.c in Sources */,
				443026CA1C78AAAE00CE04C2 /* lutf8lib.c in Sources */,
				443026C41C78AAAE00CE04C2 /* lstring.c in Sources */,
				443026B91C78AAAE00CE04C2 /* linit.c in Sources */,
				443026BB1C78AAAE00CE04C2 /* llex.c in Sources */,
				443026B01C78AAAE00CE04C2 /* lcode.c in Sources */,
				443026B51C78AAAE00CE04C2 /* ldo.c in Sources */,
				443026C01C78AAAE00CE04C2 /* lopcodes.c in Sources */,
				443026B61C78AAAE00CE04C2 /* ldump.c in Sources */,
				442B867D1CEB191E00ED2A3A /* lua_adapter.cpp in Sources */,
			);
			runOnlyForDeploymentPostprocessing = 0;
		};
/* End PBXSourcesBuildPhase section */

/* Begin XCBuildConfiguration section */
		44C8E11E1C75EA9C00AD6203 /* Debug */ = {
			isa = XCBuildConfiguration;
			buildSettings = {
				ALWAYS_SEARCH_USER_PATHS = NO;
				CLANG_CXX_LANGUAGE_STANDARD = "gnu++0x";
				CLANG_CXX_LIBRARY = "libc++";
				CLANG_ENABLE_MODULES = YES;
				CLANG_ENABLE_OBJC_ARC = YES;
				CLANG_WARN_BOOL_CONVERSION = YES;
				CLANG_WARN_CONSTANT_CONVERSION = YES;
				CLANG_WARN_DIRECT_OBJC_ISA_USAGE = YES_ERROR;
				CLANG_WARN_EMPTY_BODY = YES;
				CLANG_WARN_ENUM_CONVERSION = YES;
				CLANG_WARN_INT_CONVERSION = YES;
				CLANG_WARN_OBJC_ROOT_CLASS = YES_ERROR;
				CLANG_WARN_UNREACHABLE_CODE = YES;
				CLANG_WARN__DUPLICATE_METHOD_MATCH = YES;
				CODE_SIGN_IDENTITY = "-";
				COPY_PHASE_STRIP = NO;
				DEBUG_INFORMATION_FORMAT = dwarf;
				ENABLE_STRICT_OBJC_MSGSEND = YES;
				ENABLE_TESTABILITY = YES;
				GCC_C_LANGUAGE_STANDARD = gnu99;
				GCC_DYNAMIC_NO_PIC = NO;
				GCC_NO_COMMON_BLOCKS = YES;
				GCC_OPTIMIZATION_LEVEL = 0;
				GCC_PREPROCESSOR_DEFINITIONS = (
					"DEBUG=1",
					"$(inherited)",
				);
				GCC_WARN_64_TO_32_BIT_CONVERSION = YES;
				GCC_WARN_ABOUT_RETURN_TYPE = YES_ERROR;
				GCC_WARN_UNDECLARED_SELECTOR = YES;
				GCC_WARN_UNINITIALIZED_AUTOS = YES_AGGRESSIVE;
				GCC_WARN_UNUSED_FUNCTION = YES;
				GCC_WARN_UNUSED_VARIABLE = YES;
				MACOSX_DEPLOYMENT_TARGET = 10.11;
				MTL_ENABLE_DEBUG_INFO = YES;
				ONLY_ACTIVE_ARCH = YES;
				SDKROOT = macosx;
			};
			name = Debug;
		};
		44C8E11F1C75EA9C00AD6203 /* Release */ = {
			isa = XCBuildConfiguration;
			buildSettings = {
				ALWAYS_SEARCH_USER_PATHS = NO;
				CLANG_CXX_LANGUAGE_STANDARD = "gnu++0x";
				CLANG_CXX_LIBRARY = "libc++";
				CLANG_ENABLE_MODULES = YES;
				CLANG_ENABLE_OBJC_ARC = YES;
				CLANG_WARN_BOOL_CONVERSION = YES;
				CLANG_WARN_CONSTANT_CONVERSION = YES;
				CLANG_WARN_DIRECT_OBJC_ISA_USAGE = YES_ERROR;
				CLANG_WARN_EMPTY_BODY = YES;
				CLANG_WARN_ENUM_CONVERSION = YES;
				CLANG_WARN_INT_CONVERSION = YES;
				CLANG_WARN_OBJC_ROOT_CLASS = YES_ERROR;
				CLANG_WARN_UNREACHABLE_CODE = YES;
				CLANG_WARN__DUPLICATE_METHOD_MATCH = YES;
				CODE_SIGN_IDENTITY = "-";
				COPY_PHASE_STRIP = NO;
				DEBUG_INFORMATION_FORMAT = "dwarf-with-dsym";
				ENABLE_NS_ASSERTIONS = NO;
				ENABLE_STRICT_OBJC_MSGSEND = YES;
				GCC_C_LANGUAGE_STANDARD = gnu99;
				GCC_NO_COMMON_BLOCKS = YES;
				GCC_WARN_64_TO_32_BIT_CONVERSION = YES;
				GCC_WARN_ABOUT_RETURN_TYPE = YES_ERROR;
				GCC_WARN_UNDECLARED_SELECTOR = YES;
				GCC_WARN_UNINITIALIZED_AUTOS = YES_AGGRESSIVE;
				GCC_WARN_UNUSED_FUNCTION = YES;
				GCC_WARN_UNUSED_VARIABLE = YES;
				MACOSX_DEPLOYMENT_TARGET = 10.11;
				MTL_ENABLE_DEBUG_INFO = NO;
				SDKROOT = macosx;
			};
			name = Release;
		};
		44C8E1211C75EA9C00AD6203 /* Debug */ = {
			isa = XCBuildConfiguration;
			buildSettings = {
				PRODUCT_NAME = "$(TARGET_NAME)";
			};
			name = Debug;
		};
		44C8E1221C75EA9C00AD6203 /* Release */ = {
			isa = XCBuildConfiguration;
			buildSettings = {
				PRODUCT_NAME = "$(TARGET_NAME)";
			};
			name = Release;
		};
/* End XCBuildConfiguration section */

/* Begin XCConfigurationList section */
		44C8E1141C75EA9C00AD6203 /* Build configuration list for PBXProject "luna" */ = {
			isa = XCConfigurationList;
			buildConfigurations = (
				44C8E11E1C75EA9C00AD6203 /* Debug */,
				44C8E11F1C75EA9C00AD6203 /* Release */,
			);
			defaultConfigurationIsVisible = 0;
			defaultConfigurationName = Release;
		};
		44C8E1201C75EA9C00AD6203 /* Build configuration list for PBXNativeTarget "luna" */ = {
			isa = XCConfigurationList;
			buildConfigurations = (
				44C8E1211C75EA9C00AD6203 /* Debug */,
				44C8E1221C75EA9C00AD6203 /* Release */,
			);
			defaultConfigurationIsVisible = 0;
			defaultConfigurationName = Release;
		};
/* End XCConfigurationList section */
	};
	rootObject = 44C8E1111C75EA9C00AD6203 /* Project object */;
}
